
Microsoft Visual Studio Solution File, Format Version 12.00
# Visual Studio Version 16
VisualStudioVersion = 16.0.29411.108
MinimumVisualStudioVersion = 10.0.40219.1
Project("{FAE04EC0-301F-11D3-BF4B-00C04F79EFBC}") = "SinareBodyApp.Android", "SinareBodyApp\SinareBodyApp.Android\SinareBodyApp.Android.csproj", "{71E21554-DB1F-4778-AD1A-112DE17725EA}"
EndProject
Project("{FAE04EC0-301F-11D3-BF4B-00C04F79EFBC}") = "SinareBodyApp.iOS", "SinareBodyApp\SinareBodyApp.iOS\SinareBodyApp.iOS.csproj", "{12D934C0-6F52-4E16-8845-2EFD11BBAD5A}"
EndProject
Project("{FAE04EC0-301F-11D3-BF4B-00C04F79EFBC}") = "SinareBodyApp", "SinareBodyApp\SinareBodyApp\SinareBodyApp.csproj", "{99D587BD-BC90-4BE6-A04B-0ABC3DA063BB}"
EndProject
Global
	GlobalSection(SolutionConfigurationPlatforms) = preSolution
		Debug|Any CPU = Debug|Any CPU
		Debug|iPhone = Debug|iPhone
		Debug|iPhoneSimulator = Debug|iPhoneSimulator
		Release|Any CPU = Release|Any CPU
		Release|iPhone = Release|iPhone
		Release|iPhoneSimulator = Release|iPhoneSimulator
	EndGlobalSection
	GlobalSection(ProjectConfigurationPlatforms) = postSolution
		{71E21554-DB1F-4778-AD1A-112DE17725EA}.Debug|Any CPU.ActiveCfg = Debug|Any CPU
		{71E21554-DB1F-4778-AD1A-112DE17725EA}.Debug|Any CPU.Build.0 = Debug|Any CPU
		{71E21554-DB1F-4778-AD1A-112DE17725EA}.Debug|Any CPU.Deploy.0 = Debug|Any CPU
		{71E21554-DB1F-4778-AD1A-112DE17725EA}.Debug|iPhone.ActiveCfg = Debug|Any CPU
		{71E21554-DB1F-4778-AD1A-112DE17725EA}.Debug|iPhone.Build.0 = Debug|Any CPU
		{71E21554-DB1F-4778-AD1A-112DE17725EA}.Debug|iPhone.Deploy.0 = Debug|Any CPU
		{71E21554-DB1F-4778-AD1A-112DE17725EA}.Debug|iPhoneSimulator.ActiveCfg = Debug|Any CPU
		{71E21554-DB1F-4778-AD1A-112DE17725EA}.Debug|iPhoneSimulator.Build.0 = Debug|Any CPU
		{71E21554-DB1F-4778-AD1A-112DE17725EA}.Debug|iPhoneSimulator.Deploy.0 = Debug|Any CPU
		{71E21554-DB1F-4778-AD1A-112DE17725EA}.Release|Any CPU.ActiveCfg = Release|Any CPU
		{71E21554-DB1F-4778-AD1A-112DE17725EA}.Release|Any CPU.Build.0 = Release|Any CPU
		{71E21554-DB1F-4778-AD1A-112DE17725EA}.Release|Any CPU.Deploy.0 = Release|Any CPU
		{71E21554-DB1F-4778-AD1A-112DE17725EA}.Release|iPhone.ActiveCfg = Release|Any CPU
		{71E21554-DB1F-4778-AD1A-112DE17725EA}.Release|iPhone.Build.0 = Release|Any CPU
		{71E21554-DB1F-4778-AD1A-112DE17725EA}.Release|iPhone.Deploy.0 = Release|Any CPU
		{71E21554-DB1F-4778-AD1A-112DE17725EA}.Release|iPhoneSimulator.ActiveCfg = Release|Any CPU
		{71E21554-DB1F-4778-AD1A-112DE17725EA}.Release|iPhoneSimulator.Build.0 = Release|Any CPU
		{71E21554-DB1F-4778-AD1A-112DE17725EA}.Release|iPhoneSimulator.Deploy.0 = Release|Any CPU
		{12D934C0-6F52-4E16-8845-2EFD11BBAD5A}.Debug|Any CPU.ActiveCfg = Debug|iPhoneSimulator
		{12D934C0-6F52-4E16-8845-2EFD11BBAD5A}.Debug|Any CPU.Build.0 = Debug|iPhoneSimulator
		{12D934C0-6F52-4E16-8845-2EFD11BBAD5A}.Debug|Any CPU.Deploy.0 = Debug|iPhoneSimulator
		{12D934C0-6F52-4E16-8845-2EFD11BBAD5A}.Debug|iPhone.ActiveCfg = Debug|iPhone
		{12D934C0-6F52-4E16-8845-2EFD11BBAD5A}.Debug|iPhone.Build.0 = Debug|iPhone
		{12D934C0-6F52-4E16-8845-2EFD11BBAD5A}.Debug|iPhone.Deploy.0 = Debug|iPhone
		{12D934C0-6F52-4E16-8845-2EFD11BBAD5A}.Debug|iPhoneSimulator.ActiveCfg = Debug|iPhoneSimulator
		{12D934C0-6F52-4E16-8845-2EFD11BBAD5A}.Debug|iPhoneSimulator.Build.0 = Debug|iPhoneSimulator
		{12D934C0-6F52-4E16-8845-2EFD11BBAD5A}.Debug|iPhoneSimulator.Deploy.0 = Debug|iPhoneSimulator
		{12D934C0-6F52-4E16-8845-2EFD11BBAD5A}.Release|Any CPU.ActiveCfg = Release|iPhone
		{12D934C0-6F52-4E16-8845-2EFD11BBAD5A}.Release|Any CPU.Build.0 = Release|iPhone
		{12D934C0-6F52-4E16-8845-2EFD11BBAD5A}.Release|Any CPU.Deploy.0 = Release|iPhone
		{12D934C0-6F52-4E16-8845-2EFD11BBAD5A}.Release|iPhone.ActiveCfg = Release|iPhone
		{12D934C0-6F52-4E16-8845-2EFD11BBAD5A}.Release|iPhone.Build.0 = Release|iPhone
		{12D934C0-6F52-4E16-8845-2EFD11BBAD5A}.Release|iPhone.Deploy.0 = Release|iPhone
		{12D934C0-6F52-4E16-8845-2EFD11BBAD5A}.Release|iPhoneSimulator.ActiveCfg = Release|iPhoneSimulator
		{12D934C0-6F52-4E16-8845-2EFD11BBAD5A}.Release|iPhoneSimulator.Build.0 = Release|iPhoneSimulator
		{12D934C0-6F52-4E16-8845-2EFD11BBAD5A}.Release|iPhoneSimulator.Deploy.0 = Release|iPhoneSimulator
		{99D587BD-BC90-4BE6-A04B-0ABC3DA063BB}.Debug|Any CPU.ActiveCfg = Debug|Any CPU
		{99D587BD-BC90-4BE6-A04B-0ABC3DA063BB}.Debug|Any CPU.Build.0 = Debug|Any CPU
		{99D587BD-BC90-4BE6-A04B-0ABC3DA063BB}.Debug|Any CPU.Deploy.0 = Debug|Any CPU
		{99D587BD-BC90-4BE6-A04B-0ABC3DA063BB}.Debug|iPhone.ActiveCfg = Debug|Any CPU
		{99D587BD-BC90-4BE6-A04B-0ABC3DA063BB}.Debug|iPhone.Build.0 = Debug|Any CPU
		{99D587BD-BC90-4BE6-A04B-0ABC3DA063BB}.Debug|iPhone.Deploy.0 = Debug|Any CPU
		{99D587BD-BC90-4BE6-A04B-0ABC3DA063BB}.Debug|iPhoneSimulator.ActiveCfg = Debug|Any CPU
		{99D587BD-BC90-4BE6-A04B-0ABC3DA063BB}.Debug|iPhoneSimulator.Build.0 = Debug|Any CPU
		{99D587BD-BC90-4BE6-A04B-0ABC3DA063BB}.Debug|iPhoneSimulator.Deploy.0 = Debug|Any CPU
		{99D587BD-BC90-4BE6-A04B-0ABC3DA063BB}.Release|Any CPU.ActiveCfg = Release|Any CPU
		{99D587BD-BC90-4BE6-A04B-0ABC3DA063BB}.Release|Any CPU.Build.0 = Release|Any CPU
		{99D587BD-BC90-4BE6-A04B-0ABC3DA063BB}.Release|Any CPU.Deploy.0 = Release|Any CPU
		{99D587BD-BC90-4BE6-A04B-0ABC3DA063BB}.Release|iPhone.ActiveCfg = Release|Any CPU
		{99D587BD-BC90-4BE6-A04B-0ABC3DA063BB}.Release|iPhone.Build.0 = Release|Any CPU
		{99D587BD-BC90-4BE6-A04B-0ABC3DA063BB}.Release|iPhone.Deploy.0 = Release|Any CPU
		{99D587BD-BC90-4BE6-A04B-0ABC3DA063BB}.Release|iPhoneSimulator.ActiveCfg = Release|Any CPU
		{99D587BD-BC90-4BE6-A04B-0ABC3DA063BB}.Release|iPhoneSimulator.Build.0 = Release|Any CPU
		{99D587BD-BC90-4BE6-A04B-0ABC3DA063BB}.Release|iPhoneSimulator.Deploy.0 = Release|Any CPU
	EndGlobalSection
	GlobalSection(SolutionProperties) = preSolution
		HideSolutionNode = FALSE
	EndGlobalSection
	GlobalSection(ExtensibilityGlobals) = postSolution
		SolutionGuid = {BB5353A7-5BBB-4631-8514-B69D383AD308}
	EndGlobalSection
EndGlobal
